
Microsoft Visual Studio Solution File, Format Version 12.00
# Visual Studio Version 16
VisualStudioVersion = 16.0.33027.164
MinimumVisualStudioVersion = 10.0.40219.1
Project("{FAE04EC0-301F-11D3-BF4B-00C04F79EFBC}") = "CalcCurrentValue", "CalcCurrentValue\CalcCurrentValue.csproj", "{51B6E626-B525-4031-BD69-410CE98E26C0}"
EndProject
Global
	GlobalSection(SolutionConfigurationPlatforms) = preSolution
		Debug|Any CPU = Debug|Any CPU
		Release|Any CPU = Release|Any CPU
	EndGlobalSection
	GlobalSection(ProjectConfigurationPlatforms) = postSolution
		{51B6E626-B525-4031-BD69-410CE98E26C0}.Debug|Any CPU.ActiveCfg = Debug|Any CPU
		{51B6E626-B525-4031-BD69-410CE98E26C0}.Debug|Any CPU.Build.0 = Debug|Any CPU
		{51B6E626-B525-4031-BD69-410CE98E26C0}.Release|Any CPU.ActiveCfg = Release|Any CPU
		{51B6E626-B525-4031-BD69-410CE98E26C0}.Release|Any CPU.Build.0 = Release|Any CPU
	EndGlobalSection
	GlobalSection(SolutionProperties) = preSolution
		HideSolutionNode = FALSE
	EndGlobalSection
	GlobalSection(ExtensibilityGlobals) = postSolution
		SolutionGuid = {5CF3AC85-231A-4A7F-BCFD-D19870A589E8}
	EndGlobalSection
EndGlobal
